
Microsoft Visual Studio Solution File, Format Version 12.00
# Visual Studio 15
VisualStudioVersion = 15.0.28307.421
MinimumVisualStudioVersion = 10.0.40219.1
Project("{FAE04EC0-301F-11D3-BF4B-00C04F79EFBC}") = "MalaDiretaWord", "MalaDiretaWord.csproj", "{B182ED9B-9E06-4A47-9EFB-8260A851DD90}"
EndProject
Global
	GlobalSection(SolutionConfigurationPlatforms) = preSolution
		Debug|Any CPU = Debug|Any CPU
		Release|Any CPU = Release|Any CPU
	EndGlobalSection
	GlobalSection(ProjectConfigurationPlatforms) = postSolution
		{B182ED9B-9E06-4A47-9EFB-8260A851DD90}.Debug|Any CPU.ActiveCfg = Debug|Any CPU
		{B182ED9B-9E06-4A47-9EFB-8260A851DD90}.Debug|Any CPU.Build.0 = Debug|Any CPU
		{B182ED9B-9E06-4A47-9EFB-8260A851DD90}.Release|Any CPU.ActiveCfg = Release|Any CPU
		{B182ED9B-9E06-4A47-9EFB-8260A851DD90}.Release|Any CPU.Build.0 = Release|Any CPU
	EndGlobalSection
	GlobalSection(SolutionProperties) = preSolution
		HideSolutionNode = FALSE
	EndGlobalSection
	GlobalSection(ExtensibilityGlobals) = postSolution
		SolutionGuid = {18ABC88F-CC2B-40B6-8C31-C2A230ED9A4E}
	EndGlobalSection
EndGlobal
