
Microsoft Visual Studio Solution File, Format Version 12.00
# Visual Studio 15
VisualStudioVersion = 15.0.28307.421
MinimumVisualStudioVersion = 10.0.40219.1
Project("{FAE04EC0-301F-11D3-BF4B-00C04F79EFBC}") = "testeEnvioEmail", "testeEnvioEmail\testeEnvioEmail.csproj", "{BB9D5989-9CB3-46D7-9B88-C59CB57E7094}"
EndProject
Global
	GlobalSection(SolutionConfigurationPlatforms) = preSolution
		Debug|Any CPU = Debug|Any CPU
		Release|Any CPU = Release|Any CPU
	EndGlobalSection
	GlobalSection(ProjectConfigurationPlatforms) = postSolution
		{BB9D5989-9CB3-46D7-9B88-C59CB57E7094}.Debug|Any CPU.ActiveCfg = Debug|Any CPU
		{BB9D5989-9CB3-46D7-9B88-C59CB57E7094}.Debug|Any CPU.Build.0 = Debug|Any CPU
		{BB9D5989-9CB3-46D7-9B88-C59CB57E7094}.Release|Any CPU.ActiveCfg = Release|Any CPU
		{BB9D5989-9CB3-46D7-9B88-C59CB57E7094}.Release|Any CPU.Build.0 = Release|Any CPU
	EndGlobalSection
	GlobalSection(SolutionProperties) = preSolution
		HideSolutionNode = FALSE
	EndGlobalSection
	GlobalSection(ExtensibilityGlobals) = postSolution
		SolutionGuid = {1EF752FC-AC13-4BAD-865D-8428EE59F2D5}
	EndGlobalSection
EndGlobal
